Microsoft Visual Studio Solution File, Format Version 12.00
# Visual Studio Version 17
VisualStudioVersion = 17.5.2.0
MinimumVisualStudioVersion = 10.0.40219.1
Project("{FAE04EC0-301F-11D3-BF4B-00C04F79EFBC}") = "banhotosa", "banhotosa.csproj", "{BC53FD9C-EFAD-45E6-99B5-34C7C658CEFF}"
EndProject
Global
	GlobalSection(SolutionProperties) = preSolution
		HideSolutionNode = FALSE
	EndGlobalSection
	GlobalSection(ExtensibilityGlobals) = postSolution
		SolutionGuid = {D7CEF963-5D09-4B72-91C2-2DDCC3DC5C48}
	EndGlobalSection
	GlobalSection(SolutionConfigurationPlatforms) = preSolution
		Debug|Any CPU = Debug|Any CPU
		Debug|x64 = Debug|x64
		Debug|x86 = Debug|x86
		Release|Any CPU = Release|Any CPU
		Release|x64 = Release|x64
		Release|x86 = Release|x86
	EndGlobalSection
	GlobalSection(ProjectConfigurationPlatforms) = postSolution
		{BC53FD9C-EFAD-45E6-99B5-34C7C658CEFF}.Debug|Any CPU.ActiveCfg = Debug|Any CPU
		{BC53FD9C-EFAD-45E6-99B5-34C7C658CEFF}.Debug|Any CPU.Build.0 = Debug|Any CPU
		{BC53FD9C-EFAD-45E6-99B5-34C7C658CEFF}.Debug|x64.ActiveCfg = Debug|Any CPU
		{BC53FD9C-EFAD-45E6-99B5-34C7C658CEFF}.Debug|x64.Build.0 = Debug|Any CPU
		{BC53FD9C-EFAD-45E6-99B5-34C7C658CEFF}.Debug|x86.ActiveCfg = Debug|Any CPU
		{BC53FD9C-EFAD-45E6-99B5-34C7C658CEFF}.Debug|x86.Build.0 = Debug|Any CPU
		{BC53FD9C-EFAD-45E6-99B5-34C7C658CEFF}.Release|Any CPU.ActiveCfg = Release|Any CPU
		{BC53FD9C-EFAD-45E6-99B5-34C7C658CEFF}.Release|Any CPU.Build.0 = Release|Any CPU
		{BC53FD9C-EFAD-45E6-99B5-34C7C658CEFF}.Release|x64.ActiveCfg = Release|Any CPU
		{BC53FD9C-EFAD-45E6-99B5-34C7C658CEFF}.Release|x64.Build.0 = Release|Any CPU
		{BC53FD9C-EFAD-45E6-99B5-34C7C658CEFF}.Release|x86.ActiveCfg = Release|Any CPU
		{BC53FD9C-EFAD-45E6-99B5-34C7C658CEFF}.Release|x86.Build.0 = Release|Any CPU
	EndGlobalSection
EndGlobal
